{
    "_readme": [
        "This file locks the dependencies of your project to a known state",
        "Read more about it at https://getcomposer.org/doc/01-basic-usage.md#composer-lock-the-lock-file",
        "This file is @generated automatically"
    ],
    "hash": "252cd047c3d2f0e268176ceb90bab020",
    "content-hash": "c21c10c3a4e81b408d39f12c545b7201",
    "packages": [
        {
            "name": "bermanco/posts-2-posts-adapter",
            "version": "dev-master",
            "source": {
                "type": "git",
                "url": "https://github.com/bermanco/posts-2-posts-adapter.git",
                "reference": "736515c83b40bce05d0de1d76e5342b18bfd85b3"
            },
            "type": "library",
            "autoload": {
                "psr-4": {
                    "bermanco\\Posts2PostsAdapter\\": "src/"
                }
            },
            "authors": [
                {
                    "name": "Chris Herbert",
                    "email": "herbert@bermanco.com"
                }
            ],
            "description": "Class to make working with the WordPress Posts 2 Posts plugin a little easier.",
            "time": "2016-01-12 16:53:11"
        }
    ],
    "packages-dev": [],
    "aliases": [],
    "minimum-stability": "stable",
    "stability-flags": {
        "bermanco/posts-2-posts-adapter": 20
    },
    "prefer-stable": false,
    "prefer-lowest": false,
    "platform": [],
    "platform-dev": []
}
